
Microsoft Visual Studio Solution File, Format Version 12.00
# Visual Studio Version 17
VisualStudioVersion = 17.8.34511.84
MinimumVisualStudioVersion = 10.0.40219.1
Project("{FAE04EC0-301F-11D3-BF4B-00C04F79EFBC}") = "ClothingStoreAN", "ClothingStoreAN\ClothingStoreAN.csproj", "{3301CC42-8D06-475D-9A2A-8B4BC65B68F8}"
EndProject
Project("{E53339B2-1760-4266-BCC7-CA923CBCF16C}") = "docker-compose", "docker-compose.dcproj", "{B077B619-A711-41A4-976A-7623A46149D8}"
EndProject
Global
	GlobalSection(SolutionConfigurationPlatforms) = preSolution
		Debug|Any CPU = Debug|Any CPU
		Release|Any CPU = Release|Any CPU
	EndGlobalSection
	GlobalSection(ProjectConfigurationPlatforms) = postSolution
		{3301CC42-8D06-475D-9A2A-8B4BC65B68F8}.Debug|Any CPU.ActiveCfg = Debug|Any CPU
		{3301CC42-8D06-475D-9A2A-8B4BC65B68F8}.Debug|Any CPU.Build.0 = Debug|Any CPU
		{3301CC42-8D06-475D-9A2A-8B4BC65B68F8}.Release|Any CPU.ActiveCfg = Release|Any CPU
		{3301CC42-8D06-475D-9A2A-8B4BC65B68F8}.Release|Any CPU.Build.0 = Release|Any CPU
		{B077B619-A711-41A4-976A-7623A46149D8}.Debug|Any CPU.ActiveCfg = Debug|Any CPU
		{B077B619-A711-41A4-976A-7623A46149D8}.Debug|Any CPU.Build.0 = Debug|Any CPU
		{B077B619-A711-41A4-976A-7623A46149D8}.Release|Any CPU.ActiveCfg = Release|Any CPU
		{B077B619-A711-41A4-976A-7623A46149D8}.Release|Any CPU.Build.0 = Release|Any CPU
	EndGlobalSection
	GlobalSection(SolutionProperties) = preSolution
		HideSolutionNode = FALSE
	EndGlobalSection
	GlobalSection(ExtensibilityGlobals) = postSolution
		SolutionGuid = {ED3840BE-A124-4B8E-9419-AD3A5353DB88}
	EndGlobalSection
EndGlobal
